
Microsoft Visual Studio Solution File, Format Version 12.00
# Visual Studio Version 16
VisualStudioVersion = 16.0.29920.165
MinimumVisualStudioVersion = 10.0.40219.1
Project("{FAE04EC0-301F-11D3-BF4B-00C04F79EFBC}") = "Lab3", "Lab3\Lab3.csproj", "{55996640-607B-4C0C-B9C6-092A2988ABBC}"
EndProject
Global
	GlobalSection(SolutionConfigurationPlatforms) = preSolution
		Debug|Any CPU = Debug|Any CPU
		Release|Any CPU = Release|Any CPU
	EndGlobalSection
	GlobalSection(ProjectConfigurationPlatforms) = postSolution
		{55996640-607B-4C0C-B9C6-092A2988ABBC}.Debug|Any CPU.ActiveCfg = Debug|Any CPU
		{55996640-607B-4C0C-B9C6-092A2988ABBC}.Debug|Any CPU.Build.0 = Debug|Any CPU
		{55996640-607B-4C0C-B9C6-092A2988ABBC}.Release|Any CPU.ActiveCfg = Release|Any CPU
		{55996640-607B-4C0C-B9C6-092A2988ABBC}.Release|Any CPU.Build.0 = Release|Any CPU
	EndGlobalSection
	GlobalSection(SolutionProperties) = preSolution
		HideSolutionNode = FALSE
	EndGlobalSection
	GlobalSection(ExtensibilityGlobals) = postSolution
		SolutionGuid = {D9DC4217-509D-4D57-9A24-980342AFCAC3}
	EndGlobalSection
EndGlobal
